// !$*UTF8*$!
{
	archiveVersion = 1;
	classes = {
	};
	objectVersion = 56;
	objects = {

/* Begin PBXBuildFile section */
		432A9A182C76AD8800A05A51 /* AppDelegate.swift in Sources */ = {isa = PBXBuildFile; fileRef = 432A9A172C76AD8800A05A51 /* AppDelegate.swift */; };
		432A9A1A2C76AD8800A05A51 /* SceneDelegate.swift in Sources */ = {isa = PBXBuildFile; fileRef = 432A9A192C76AD8800A05A51 /* SceneDelegate.swift */; };
		432A9A1C2C76AD8800A05A51 /* ViewController.swift in Sources */ = {isa = PBXBuildFile; fileRef = 432A9A1B2C76AD8800A05A51 /* ViewController.swift */; };
		432A9A1F2C76AD8800A05A51 /* Main.storyboard in Resources */ = {isa = PBXBuildFile; fileRef = 432A9A1D2C76AD8800A05A51 /* Main.storyboard */; };
		432A9A212C76AD8A00A05A51 /* Assets.xcassets in Resources */ = {isa = PBXBuildFile; fileRef = 432A9A202C76AD8A00A05A51 /* Assets.xcassets */; };
		432A9A242C76AD8A00A05A51 /* LaunchScreen.storyboard in Resources */ = {isa = PBXBuildFile; fileRef = 432A9A222C76AD8A00A05A51 /* LaunchScreen.storyboard */; };
		432A9A2F2C76AD8A00A05A51 /* Poc_ModularizacaoTests.swift in Sources */ = {isa = PBXBuildFile; fileRef = 432A9A2E2C76AD8A00A05A51 /* Poc_ModularizacaoTests.swift */; };
		432A9A392C76AD8A00A05A51 /* Poc_ModularizacaoUITests.swift in Sources */ = {isa = PBXBuildFile; fileRef = 432A9A382C76AD8A00A05A51 /* Poc_ModularizacaoUITests.swift */; };
		432A9A3B2C76AD8A00A05A51 /* Poc_ModularizacaoUITestsLaunchTests.swift in Sources */ = {isa = PBXBuildFile; fileRef = 432A9A3A2C76AD8A00A05A51 /* Poc_ModularizacaoUITestsLaunchTests.swift */; };
/* End PBXBuildFile section */

/* Begin PBXContainerItemProxy section */
		432A9A2B2C76AD8A00A05A51 /* PBXContainerItemProxy */ = {
			isa = PBXContainerItemProxy;
			containerPortal = 432A9A0C2C76AD8800A05A51 /* Project object */;
			proxyType = 1;
			remoteGlobalIDString = 432A9A132C76AD8800A05A51;
			remoteInfo = Poc_Modularizacao;
		};
		432A9A352C76AD8A00A05A51 /* PBXContainerItemProxy */ = {
			isa = PBXContainerItemProxy;
			containerPortal = 432A9A0C2C76AD8800A05A51 /* Project object */;
			proxyType = 1;
			remoteGlobalIDString = 432A9A132C76AD8800A05A51;
			remoteInfo = Poc_Modularizacao;
		};
/* End PBXContainerItemProxy section */

/* Begin PBXFileReference section */
		432A9A142C76AD8800A05A51 /* Poc_Modularizacao.app */ = {isa = PBXFileReference; explicitFileType = wrapper.application; includeInIndex = 0; path = Poc_Modularizacao.app; sourceTree = BUILT_PRODUCTS_DIR; };
		432A9A172C76AD8800A05A51 /* AppDelegate.swift */ = {isa = PBXFileReference; lastKnownFileType = sourcecode.swift; path = AppDelegate.swift; sourceTree = "<group>"; };
		432A9A192C76AD8800A05A51 /* SceneDelegate.swift */ = {isa = PBXFileReference; lastKnownFileType = sourcecode.swift; path = SceneDelegate.swift; sourceTree = "<group>"; };
		432A9A1B2C76AD8800A05A51 /* ViewController.swift */ = {isa = PBXFileReference; lastKnownFileType = sourcecode.swift; path = ViewController.swift; sourceTree = "<group>"; };
		432A9A1E2C76AD8800A05A51 /* Base */ = {isa = PBXFileReference; lastKnownFileType = file.storyboard; name = Base; path = Base.lproj/Main.storyboard; sourceTree = "<group>"; };
		432A9A202C76AD8A00A05A51 /* Assets.xcassets */ = {isa = PBXFileReference; lastKnownFileType = folder.assetcatalog; path = Assets.xcassets; sourceTree = "<group>"; };
		432A9A232C76AD8A00A05A51 /* Base */ = {isa = PBXFileReference; lastKnownFileType = file.storyboard; name = Base; path = Base.lproj/LaunchScreen.storyboard; sourceTree = "<group>"; };
		432A9A252C76AD8A00A05A51 /* Info.plist */ = {isa = PBXFileReference; lastKnownFileType = text.plist.xml; path = Info.plist; sourceTree = "<group>"; };
		432A9A2A2C76AD8A00A05A51 /* Poc_ModularizacaoTests.xctest */ = {isa = PBXFileReference; explicitFileType = wrapper.cfbundle; includeInIndex = 0; path = Poc_ModularizacaoTests.xctest; sourceTree = BUILT_PRODUCTS_DIR; };
		432A9A2E2C76AD8A00A05A51 /* Poc_ModularizacaoTests.swift */ = {isa = PBXFileReference; lastKnownFileType = sourcecode.swift; path = Poc_ModularizacaoTests.swift; sourceTree = "<group>"; };
		432A9A342C76AD8A00A05A51 /* Poc_ModularizacaoUITests.xctest */ = {isa = PBXFileReference; explicitFileType = wrapper.cfbundle; includeInIndex = 0; path = Poc_ModularizacaoUITests.xctest; sourceTree = BUILT_PRODUCTS_DIR; };
		432A9A382C76AD8A00A05A51 /* Poc_ModularizacaoUITests.swift */ = {isa = PBXFileReference; lastKnownFileType = sourcecode.swift; path = Poc_ModularizacaoUITests.swift; sourceTree = "<group>"; };
		432A9A3A2C76AD8A00A05A51 /* Poc_ModularizacaoUITestsLaunchTests.swift */ = {isa = PBXFileReference; lastKnownFileType = sourcecode.swift; path = Poc_ModularizacaoUITestsLaunchTests.swift; sourceTree = "<group>"; };
/* End PBXFileReference section */

/* Begin PBXFrameworksBuildPhase section */
		432A9A112C76AD8800A05A51 /* Frameworks */ = {
			isa = PBXFrameworksBuildPhase;
			buildActionMask = 2147483647;
			files = (
			);
			runOnlyForDeploymentPostprocessing = 0;
		};
		432A9A272C76AD8A00A05A51 /* Frameworks */ = {
			isa = PBXFrameworksBuildPhase;
			buildActionMask = 2147483647;
			files = (
			);
			runOnlyForDeploymentPostprocessing = 0;
		};
		432A9A312C76AD8A00A05A51 /* Frameworks */ = {
			isa = PBXFrameworksBuildPhase;
			buildActionMask = 2147483647;
			files = (
			);
			runOnlyForDeploymentPostprocessing = 0;
		};
/* End PBXFrameworksBuildPhase section */

/* Begin PBXGroup section */
		432A9A0B2C76AD8800A05A51 = {
			isa = PBXGroup;
			children = (
				432A9A162C76AD8800A05A51 /* Poc_Modularizacao */,
				432A9A2D2C76AD8A00A05A51 /* Poc_ModularizacaoTests */,
				432A9A372C76AD8A00A05A51 /* Poc_ModularizacaoUITests */,
				432A9A152C76AD8800A05A51 /* Products */,
			);
			sourceTree = "<group>";
		};
		432A9A152C76AD8800A05A51 /* Products */ = {
			isa = PBXGroup;
			children = (
				432A9A142C76AD8800A05A51 /* Poc_Modularizacao.app */,
				432A9A2A2C76AD8A00A05A51 /* Poc_ModularizacaoTests.xctest */,
				432A9A342C76AD8A00A05A51 /* Poc_ModularizacaoUITests.xctest */,
			);
			name = Products;
			sourceTree = "<group>";
		};
		432A9A162C76AD8800A05A51 /* Poc_Modularizacao */ = {
			isa = PBXGroup;
			children = (
				432A9A172C76AD8800A05A51 /* AppDelegate.swift */,
				432A9A192C76AD8800A05A51 /* SceneDelegate.swift */,
				432A9A1B2C76AD8800A05A51 /* ViewController.swift */,
				432A9A1D2C76AD8800A05A51 /* Main.storyboard */,
				432A9A202C76AD8A00A05A51 /* Assets.xcassets */,
				432A9A222C76AD8A00A05A51 /* LaunchScreen.storyboard */,
				432A9A252C76AD8A00A05A51 /* Info.plist */,
			);
			path = Poc_Modularizacao;
			sourceTree = "<group>";
		};
		432A9A2D2C76AD8A00A05A51 /* Poc_ModularizacaoTests */ = {
			isa = PBXGroup;
			children = (
				432A9A2E2C76AD8A00A05A51 /* Poc_ModularizacaoTests.swift */,
			);
			path = Poc_ModularizacaoTests;
			sourceTree = "<group>";
		};
		432A9A372C76AD8A00A05A51 /* Poc_ModularizacaoUITests */ = {
			isa = PBXGroup;
			children = (
				432A9A382C76AD8A00A05A51 /* Poc_ModularizacaoUITests.swift */,
				432A9A3A2C76AD8A00A05A51 /* Poc_ModularizacaoUITestsLaunchTests.swift */,
			);
			path = Poc_ModularizacaoUITests;
			sourceTree = "<group>";
		};
/* End PBXGroup section */

/* Begin PBXNativeTarget section */
		432A9A132C76AD8800A05A51 /* Poc_Modularizacao */ = {
			isa = PBXNativeTarget;
			buildConfigurationList = 432A9A3E2C76AD8A00A05A51 /* Build configuration list for PBXNativeTarget "Poc_Modularizacao" */;
			buildPhases = (
				432A9A102C76AD8800A05A51 /* Sources */,
				432A9A112C76AD8800A05A51 /* Frameworks */,
				432A9A122C76AD8800A05A51 /* Resources */,
			);
			buildRules = (
			);
			dependencies = (
			);
			name = Poc_Modularizacao;
			productName = Poc_Modularizacao;
			productReference = 432A9A142C76AD8800A05A51 /* Poc_Modularizacao.app */;
			productType = "com.apple.product-type.application";
		};
		432A9A292C76AD8A00A05A51 /* Poc_ModularizacaoTests */ = {
			isa = PBXNativeTarget;
			buildConfigurationList = 432A9A412C76AD8B00A05A51 /* Build configuration list for PBXNativeTarget "Poc_ModularizacaoTests" */;
			buildPhases = (
				432A9A262C76AD8A00A05A51 /* Sources */,
				432A9A272C76AD8A00A05A51 /* Frameworks */,
				432A9A282C76AD8A00A05A51 /* Resources */,
			);
			buildRules = (
			);
			dependencies = (
				432A9A2C2C76AD8A00A05A51 /* PBXTargetDependency */,
			);
			name = Poc_ModularizacaoTests;
			productName = Poc_ModularizacaoTests;
			productReference = 432A9A2A2C76AD8A00A05A51 /* Poc_ModularizacaoTests.xctest */;
			productType = "com.apple.product-type.bundle.unit-test";
		};
		432A9A332C76AD8A00A05A51 /* Poc_ModularizacaoUITests */ = {
			isa = PBXNativeTarget;
			buildConfigurationList = 432A9A442C76AD8B00A05A51 /* Build configuration list for PBXNativeTarget "Poc_ModularizacaoUITests" */;
			buildPhases = (
				432A9A302C76AD8A00A05A51 /* Sources */,
				432A9A312C76AD8A00A05A51 /* Frameworks */,
				432A9A322C76AD8A00A05A51 /* Resources */,
			);
			buildRules = (
			);
			dependencies = (
				432A9A362C76AD8A00A05A51 /* PBXTargetDependency */,
			);
			name = Poc_ModularizacaoUITests;
			productName = Poc_ModularizacaoUITests;
			productReference = 432A9A342C76AD8A00A05A51 /* Poc_ModularizacaoUITests.xctest */;
			productType = "com.apple.product-type.bundle.ui-testing";
		};
/* End PBXNativeTarget section */

/* Begin PBXProject section */
		432A9A0C2C76AD8800A05A51 /* Project object */ = {
			isa = PBXProject;
			attributes = {
				BuildIndependentTargetsInParallel = 1;
				LastSwiftUpdateCheck = 1510;
				LastUpgradeCheck = 1510;
				TargetAttributes = {
					432A9A132C76AD8800A05A51 = {
						CreatedOnToolsVersion = 15.1;
					};
					432A9A292C76AD8A00A05A51 = {
						CreatedOnToolsVersion = 15.1;
						TestTargetID = 432A9A132C76AD8800A05A51;
					};
					432A9A332C76AD8A00A05A51 = {
						CreatedOnToolsVersion = 15.1;
						TestTargetID = 432A9A132C76AD8800A05A51;
					};
				};
			};
			buildConfigurationList = 432A9A0F2C76AD8800A05A51 /* Build configuration list for PBXProject "Poc_Modularizacao" */;
			compatibilityVersion = "Xcode 14.0";
			developmentRegion = en;
			hasScannedForEncodings = 0;
			knownRegions = (
				en,
				Base,
			);
			mainGroup = 432A9A0B2C76AD8800A05A51;
			productRefGroup = 432A9A152C76AD8800A05A51 /* Products */;
			projectDirPath = "";
			projectRoot = "";
			targets = (
				432A9A132C76AD8800A05A51 /* Poc_Modularizacao */,
				432A9A292C76AD8A00A05A51 /* Poc_ModularizacaoTests */,
				432A9A332C76AD8A00A05A51 /* Poc_ModularizacaoUITests */,
			);
		};
/* End PBXProject section */

/* Begin PBXResourcesBuildPhase section */
		432A9A122C76AD8800A05A51 /* Resources */ = {
			isa = PBXResourcesBuildPhase;
			buildActionMask = 2147483647;
			files = (
				432A9A242C76AD8A00A05A51 /* LaunchScreen.storyboard in Resources */,
				432A9A212C76AD8A00A05A51 /* Assets.xcassets in Resources */,
				432A9A1F2C76AD8800A05A51 /* Main.storyboard in Resources */,
			);
			runOnlyForDeploymentPostprocessing = 0;
		};
		432A9A282C76AD8A00A05A51 /* Resources */ = {
			isa = PBXResourcesBuildPhase;
			buildActionMask = 2147483647;
			files = (
			);
			runOnlyForDeploymentPostprocessing = 0;
		};
		432A9A322C76AD8A00A05A51 /* Resources */ = {
			isa = PBXResourcesBuildPhase;
			buildActionMask = 2147483647;
			files = (
			);
			runOnlyForDeploymentPostprocessing = 0;
		};
/* End PBXResourcesBuildPhase section */

/* Begin PBXSourcesBuildPhase section */
		432A9A102C76AD8800A05A51 /* Sources */ = {
			isa = PBXSourcesBuildPhase;
			buildActionMask = 2147483647;
			files = (
				432A9A1C2C76AD8800A05A51 /* ViewController.swift in Sources */,
				432A9A182C76AD8800A05A51 /* AppDelegate.swift in Sources */,
				432A9A1A2C76AD8800A05A51 /* SceneDelegate.swift in Sources */,
			);
			runOnlyForDeploymentPostprocessing = 0;
		};
		432A9A262C76AD8A00A05A51 /* Sources */ = {
			isa = PBXSourcesBuildPhase;
			buildActionMask = 2147483647;
			files = (
				432A9A2F2C76AD8A00A05A51 /* Poc_ModularizacaoTests.swift in Sources */,
			);
			runOnlyForDeploymentPostprocessing = 0;
		};
		432A9A302C76AD8A00A05A51 /* Sources */ = {
			isa = PBXSourcesBuildPhase;
			buildActionMask = 2147483647;
			files = (
				432A9A392C76AD8A00A05A51 /* Poc_ModularizacaoUITests.swift in Sources */,
				432A9A3B2C76AD8A00A05A51 /* Poc_ModularizacaoUITestsLaunchTests.swift in Sources */,
			);
			runOnlyForDeploymentPostprocessing = 0;
		};
/* End PBXSourcesBuildPhase section */

/* Begin PBXTargetDependency section */
		432A9A2C2C76AD8A00A05A51 /* PBXTargetDependency */ = {
			isa = PBXTargetDependency;
			target = 432A9A132C76AD8800A05A51 /* Poc_Modularizacao */;
			targetProxy = 432A9A2B2C76AD8A00A05A51 /* PBXContainerItemProxy */;
		};
		432A9A362C76AD8A00A05A51 /* PBXTargetDependency */ = {
			isa = PBXTargetDependency;
			target = 432A9A132C76AD8800A05A51 /* Poc_Modularizacao */;
			targetProxy = 432A9A352C76AD8A00A05A51 /* PBXContainerItemProxy */;
		};
/* End PBXTargetDependency section */

/* Begin PBXVariantGroup section */
		432A9A1D2C76AD8800A05A51 /* Main.storyboard */ = {
			isa = PBXVariantGroup;
			children = (
				432A9A1E2C76AD8800A05A51 /* Base */,
			);
			name = Main.storyboard;
			sourceTree = "<group>";
		};
		432A9A222C76AD8A00A05A51 /* LaunchScreen.storyboard */ = {
			isa = PBXVariantGroup;
			children = (
				432A9A232C76AD8A00A05A51 /* Base */,
			);
			name = LaunchScreen.storyboard;
			sourceTree = "<group>";
		};
/* End PBXVariantGroup section */

/* Begin XCBuildConfiguration section */
		432A9A3C2C76AD8A00A05A51 /* Debug */ = {
			isa = XCBuildConfiguration;
			buildSettings = {
				ALWAYS_SEARCH_USER_PATHS = NO;
				ASSETCATALOG_COMPILER_GENERATE_SWIFT_ASSET_SYMBOL_EXTENSIONS = YES;
				CLANG_ANALYZER_NONNULL = YES;
				CLANG_ANALYZER_NUMBER_OBJECT_CONVERSION = YES_AGGRESSIVE;
				CLANG_CXX_LANGUAGE_STANDARD = "gnu++20";
				CLANG_ENABLE_MODULES = YES;
				CLANG_ENABLE_OBJC_ARC = YES;
				CLANG_ENABLE_OBJC_WEAK = YES;
				CLANG_WARN_BLOCK_CAPTURE_AUTORELEASING = YES;
				CLANG_WARN_BOOL_CONVERSION = YES;
				CLANG_WARN_COMMA = YES;
				CLANG_WARN_CONSTANT_CONVERSION = YES;
				CLANG_WARN_DEPRECATED_OBJC_IMPLEMENTATIONS = YES;
				CLANG_WARN_DIRECT_OBJC_ISA_USAGE = YES_ERROR;
				CLANG_WARN_DOCUMENTATION_COMMENTS = YES;
				CLANG_WARN_EMPTY_BODY = YES;
				CLANG_WARN_ENUM_CONVERSION = YES;
				CLANG_WARN_INFINITE_RECURSION = YES;
				CLANG_WARN_INT_CONVERSION = YES;
				CLANG_WARN_NON_LITERAL_NULL_CONVERSION = YES;
				CLANG_WARN_OBJC_IMPLICIT_RETAIN_SELF = YES;
				CLANG_WARN_OBJC_LITERAL_CONVERSION = YES;
				CLANG_WARN_OBJC_ROOT_CLASS = YES_ERROR;
				CLANG_WARN_QUOTED_INCLUDE_IN_FRAMEWORK_HEADER = YES;
				CLANG_WARN_RANGE_LOOP_ANALYSIS = YES;
				CLANG_WARN_STRICT_PROTOTYPES = YES;
				CLANG_WARN_SUSPICIOUS_MOVE = YES;
				CLANG_WARN_UNGUARDED_AVAILABILITY = YES_AGGRESSIVE;
				CLANG_WARN_UNREACHABLE_CODE = YES;
				CLANG_WARN__DUPLICATE_METHOD_MATCH = YES;
				COPY_PHASE_STRIP = NO;
				DEBUG_INFORMATION_FORMAT = dwarf;
				ENABLE_STRICT_OBJC_MSGSEND = YES;
				ENABLE_TESTABILITY = YES;
				ENABLE_USER_SCRIPT_SANDBOXING = YES;
				GCC_C_LANGUAGE_STANDARD = gnu17;
				GCC_DYNAMIC_NO_PIC = NO;
				GCC_NO_COMMON_BLOCKS = YES;
				GCC_OPTIMIZATION_LEVEL = 0;
				GCC_PREPROCESSOR_DEFINITIONS = (
					"DEBUG=1",
					"$(inherited)",
				);
				GCC_WARN_64_TO_32_BIT_CONVERSION = YES;
				GCC_WARN_ABOUT_RETURN_TYPE = YES_ERROR;
				GCC_WARN_UNDECLARED_SELECTOR = YES;
				GCC_WARN_UNINITIALIZED_AUTOS = YES_AGGRESSIVE;
				GCC_WARN_UNUSED_FUNCTION = YES;
				GCC_WARN_UNUSED_VARIABLE = YES;
				IPHONEOS_DEPLOYMENT_TARGET = 17.2;
				LOCALIZATION_PREFERS_STRING_CATALOGS = YES;
				MTL_ENABLE_DEBUG_INFO = INCLUDE_SOURCE;
				MTL_FAST_MATH = YES;
				ONLY_ACTIVE_ARCH = YES;
				SDKROOT = iphoneos;
				SWIFT_ACTIVE_COMPILATION_CONDITIONS = "DEBUG $(inherited)";
				SWIFT_OPTIMIZATION_LEVEL = "-Onone";
			};
			name = Debug;
		};
		432A9A3D2C76AD8A00A05A51 /* Release */ = {
			isa = XCBuildConfiguration;
			buildSettings = {
				ALWAYS_SEARCH_USER_PATHS = NO;
				ASSETCATALOG_COMPILER_GENERATE_SWIFT_ASSET_SYMBOL_EXTENSIONS = YES;
				CLANG_ANALYZER_NONNULL = YES;
				CLANG_ANALYZER_NUMBER_OBJECT_CONVERSION = YES_AGGRESSIVE;
				CLANG_CXX_LANGUAGE_STANDARD = "gnu++20";
				CLANG_ENABLE_MODULES = YES;
				CLANG_ENABLE_OBJC_ARC = YES;
				CLANG_ENABLE_OBJC_WEAK = YES;
				CLANG_WARN_BLOCK_CAPTURE_AUTORELEASING = YES;
				CLANG_WARN_BOOL_CONVERSION = YES;
				CLANG_WARN_COMMA = YES;
				CLANG_WARN_CONSTANT_CONVERSION = YES;
				CLANG_WARN_DEPRECATED_OBJC_IMPLEMENTATIONS = YES;
				CLANG_WARN_DIRECT_OBJC_ISA_USAGE = YES_ERROR;
				CLANG_WARN_DOCUMENTATION_COMMENTS = YES;
				CLANG_WARN_EMPTY_BODY = YES;
				CLANG_WARN_ENUM_CONVERSION = YES;
				CLANG_WARN_INFINITE_RECURSION = YES;
				CLANG_WARN_INT_CONVERSION = YES;
				CLANG_WARN_NON_LITERAL_NULL_CONVERSION = YES;
				CLANG_WARN_OBJC_IMPLICIT_RETAIN_SELF = YES;
				CLANG_WARN_OBJC_LITERAL_CONVERSION = YES;
				CLANG_WARN_OBJC_ROOT_CLASS = YES_ERROR;
				CLANG_WARN_QUOTED_INCLUDE_IN_FRAMEWORK_HEADER = YES;
				CLANG_WARN_RANGE_LOOP_ANALYSIS = YES;
				CLANG_WARN_STRICT_PROTOTYPES = YES;
				CLANG_WARN_SUSPICIOUS_MOVE = YES;
				CLANG_WARN_UNGUARDED_AVAILABILITY = YES_AGGRESSIVE;
				CLANG_WARN_UNREACHABLE_CODE = YES;
				CLANG_WARN__DUPLICATE_METHOD_MATCH = YES;
				COPY_PHASE_STRIP = NO;
				DEBUG_INFORMATION_FORMAT = "dwarf-with-dsym";
				ENABLE_NS_ASSERTIONS = NO;
				ENABLE_STRICT_OBJC_MSGSEND = YES;
				ENABLE_USER_SCRIPT_SANDBOXING = YES;
				GCC_C_LANGUAGE_STANDARD = gnu17;
				GCC_NO_COMMON_BLOCKS = YES;
				GCC_WARN_64_TO_32_BIT_CONVERSION = YES;
				GCC_WARN_ABOUT_RETURN_TYPE = YES_ERROR;
				GCC_WARN_UNDECLARED_SELECTOR = YES;
				GCC_WARN_UNINITIALIZED_AUTOS = YES_AGGRESSIVE;
				GCC_WARN_UNUSED_FUNCTION = YES;
				GCC_WARN_UNUSED_VARIABLE = YES;
				IPHONEOS_DEPLOYMENT_TARGET = 17.2;
				LOCALIZATION_PREFERS_STRING_CATALOGS = YES;
				MTL_ENABLE_DEBUG_INFO = NO;
				MTL_FAST_MATH = YES;
				SDKROOT = iphoneos;
				SWIFT_COMPILATION_MODE = wholemodule;
				VALIDATE_PRODUCT = YES;
			};
			name = Release;
		};
		432A9A3F2C76AD8A00A05A51 /* Debug */ = {
			isa = XCBuildConfiguration;
			buildSettings = {
				ASSETCATALOG_COMPILER_APPICON_NAME = AppIcon;
				ASSETCATALOG_COMPILER_GLOBAL_ACCENT_COLOR_NAME = AccentColor;
				CODE_SIGN_STYLE = Automatic;
				CURRENT_PROJECT_VERSION = 1;
				DEVELOPMENT_TEAM = 5T9TKZ5MKP;
				GENERATE_INFOPLIST_FILE = YES;
				INFOPLIST_FILE = Poc_Modularizacao/Info.plist;
				INFOPLIST_KEY_UIApplicationSupportsIndirectInputEvents = YES;
				INFOPLIST_KEY_UILaunchStoryboardName = LaunchScreen;
				INFOPLIST_KEY_UIMainStoryboardFile = Main;
				INFOPLIST_KEY_UISupportedInterfaceOrientations_iPad = "UIInterfaceOrientationPortrait UIInterfaceOrientationPortraitUpsideDown UIInterfaceOrientationLandscapeLeft UIInterfaceOrientationLandscapeRight";
				INFOPLIST_KEY_UISupportedInterfaceOrientations_iPhone = "UIInterfaceOrientationPortrait UIInterfaceOrientationLandscapeLeft UIInterfaceOrientationLandscapeRight";
				LD_RUNPATH_SEARCH_PATHS = (
					"$(inherited)",
					"@executable_path/Frameworks",
				);
				MARKETING_VERSION = 1.0;
				PRODUCT_BUNDLE_IDENTIFIER = "met.Poc-Modularizacao";
				PRODUCT_NAME = "$(TARGET_NAME)";
				SWIFT_EMIT_LOC_STRINGS = YES;
				SWIFT_VERSION = 5.0;
				TARGETED_DEVICE_FAMILY = "1,2";
			};
			name = Debug;
		};
		432A9A402C76AD8A00A05A51 /* Release */ = {
			isa = XCBuildConfiguration;
			buildSettings = {
				ASSETCATALOG_COMPILER_APPICON_NAME = AppIcon;
				ASSETCATALOG_COMPILER_GLOBAL_ACCENT_COLOR_NAME = AccentColor;
				CODE_SIGN_STYLE = Automatic;
				CURRENT_PROJECT_VERSION = 1;
				DEVELOPMENT_TEAM = 5T9TKZ5MKP;
				GENERATE_INFOPLIST_FILE = YES;
				INFOPLIST_FILE = Poc_Modularizacao/Info.plist;
				INFOPLIST_KEY_UIApplicationSupportsIndirectInputEvents = YES;
				INFOPLIST_KEY_UILaunchStoryboardName = LaunchScreen;
				INFOPLIST_KEY_UIMainStoryboardFile = Main;
				INFOPLIST_KEY_UISupportedInterfaceOrientations_iPad = "UIInterfaceOrientationPortrait UIInterfaceOrientationPortraitUpsideDown UIInterfaceOrientationLandscapeLeft UIInterfaceOrientationLandscapeRight";
				INFOPLIST_KEY_UISupportedInterfaceOrientations_iPhone = "UIInterfaceOrientationPortrait UIInterfaceOrientationLandscapeLeft UIInterfaceOrientationLandscapeRight";
				LD_RUNPATH_SEARCH_PATHS = (
					"$(inherited)",
					"@executable_path/Frameworks",
				);
				MARKETING_VERSION = 1.0;
				PRODUCT_BUNDLE_IDENTIFIER = "met.Poc-Modularizacao";
				PRODUCT_NAME = "$(TARGET_NAME)";
				SWIFT_EMIT_LOC_STRINGS = YES;
				SWIFT_VERSION = 5.0;
				TARGETED_DEVICE_FAMILY = "1,2";
			};
			name = Release;
		};
		432A9A422C76AD8B00A05A51 /* Debug */ = {
			isa = XCBuildConfiguration;
			buildSettings = {
				ALWAYS_EMBED_SWIFT_STANDARD_LIBRARIES = YES;
				BUNDLE_LOADER = "$(TEST_HOST)";
				CODE_SIGN_STYLE = Automatic;
				CURRENT_PROJECT_VERSION = 1;
				DEVELOPMENT_TEAM = 5T9TKZ5MKP;
				GENERATE_INFOPLIST_FILE = YES;
				IPHONEOS_DEPLOYMENT_TARGET = 17.2;
				MARKETING_VERSION = 1.0;
				PRODUCT_BUNDLE_IDENTIFIER = "met.Poc-ModularizacaoTests";
				PRODUCT_NAME = "$(TARGET_NAME)";
				SWIFT_EMIT_LOC_STRINGS = NO;
				SWIFT_VERSION = 5.0;
				TARGETED_DEVICE_FAMILY = "1,2";
				TEST_HOST = "$(BUILT_PRODUCTS_DIR)/Poc_Modularizacao.app/$(BUNDLE_EXECUTABLE_FOLDER_PATH)/Poc_Modularizacao";
			};
			name = Debug;
		};
		432A9A432C76AD8B00A05A51 /* Release */ = {
			isa = XCBuildConfiguration;
			buildSettings = {
				ALWAYS_EMBED_SWIFT_STANDARD_LIBRARIES = YES;
				BUNDLE_LOADER = "$(TEST_HOST)";
				CODE_SIGN_STYLE = Automatic;
				CURRENT_PROJECT_VERSION = 1;
				DEVELOPMENT_TEAM = 5T9TKZ5MKP;
				GENERATE_INFOPLIST_FILE = YES;
				IPHONEOS_DEPLOYMENT_TARGET = 17.2;
				MARKETING_VERSION = 1.0;
				PRODUCT_BUNDLE_IDENTIFIER = "met.Poc-ModularizacaoTests";
				PRODUCT_NAME = "$(TARGET_NAME)";
				SWIFT_EMIT_LOC_STRINGS = NO;
				SWIFT_VERSION = 5.0;
				TARGETED_DEVICE_FAMILY = "1,2";
				TEST_HOST = "$(BUILT_PRODUCTS_DIR)/Poc_Modularizacao.app/$(BUNDLE_EXECUTABLE_FOLDER_PATH)/Poc_Modularizacao";
			};
			name = Release;
		};
		432A9A452C76AD8B00A05A51 /* Debug */ = {
			isa = XCBuildConfiguration;
			buildSettings = {
				ALWAYS_EMBED_SWIFT_STANDARD_LIBRARIES = YES;
				CODE_SIGN_STYLE = Automatic;
				CURRENT_PROJECT_VERSION = 1;
				DEVELOPMENT_TEAM = 5T9TKZ5MKP;
				GENERATE_INFOPLIST_FILE = YES;
				MARKETING_VERSION = 1.0;
				PRODUCT_BUNDLE_IDENTIFIER = "met.Poc-ModularizacaoUITests";
				PRODUCT_NAME = "$(TARGET_NAME)";
				SWIFT_EMIT_LOC_STRINGS = NO;
				SWIFT_VERSION = 5.0;
				TARGETED_DEVICE_FAMILY = "1,2";
				TEST_TARGET_NAME = Poc_Modularizacao;
			};
			name = Debug;
		};
		432A9A462C76AD8B00A05A51 /* Release */ = {
			isa = XCBuildConfiguration;
			buildSettings = {
				ALWAYS_EMBED_SWIFT_STANDARD_LIBRARIES = YES;
				CODE_SIGN_STYLE = Automatic;
				CURRENT_PROJECT_VERSION = 1;
				DEVELOPMENT_TEAM = 5T9TKZ5MKP;
				GENERATE_INFOPLIST_FILE = YES;
				MARKETING_VERSION = 1.0;
				PRODUCT_BUNDLE_IDENTIFIER = "met.Poc-ModularizacaoUITests";
				PRODUCT_NAME = "$(TARGET_NAME)";
				SWIFT_EMIT_LOC_STRINGS = NO;
				SWIFT_VERSION = 5.0;
				TARGETED_DEVICE_FAMILY = "1,2";
				TEST_TARGET_NAME = Poc_Modularizacao;
			};
			name = Release;
		};
/* End XCBuildConfiguration section */

/* Begin XCConfigurationList section */
		432A9A0F2C76AD8800A05A51 /* Build configuration list for PBXProject "Poc_Modularizacao" */ = {
			isa = XCConfigurationList;
			buildConfigurations = (
				432A9A3C2C76AD8A00A05A51 /* Debug */,
				432A9A3D2C76AD8A00A05A51 /* Release */,
			);
			defaultConfigurationIsVisible = 0;
			defaultConfigurationName = Release;
		};
		432A9A3E2C76AD8A00A05A51 /* Build configuration list for PBXNativeTarget "Poc_Modularizacao" */ = {
			isa = XCConfigurationList;
			buildConfigurations = (
				432A9A3F2C76AD8A00A05A51 /* Debug */,
				432A9A402C76AD8A00A05A51 /* Release */,
			);
			defaultConfigurationIsVisible = 0;
			defaultConfigurationName = Release;
		};
		432A9A412C76AD8B00A05A51 /* Build configuration list for PBXNativeTarget "Poc_ModularizacaoTests" */ = {
			isa = XCConfigurationList;
			buildConfigurations = (
				432A9A422C76AD8B00A05A51 /* Debug */,
				432A9A432C76AD8B00A05A51 /* Release */,
			);
			defaultConfigurationIsVisible = 0;
			defaultConfigurationName = Release;
		};
		432A9A442C76AD8B00A05A51 /* Build configuration list for PBXNativeTarget "Poc_ModularizacaoUITests" */ = {
			isa = XCConfigurationList;
			buildConfigurations = (
				432A9A452C76AD8B00A05A51 /* Debug */,
				432A9A462C76AD8B00A05A51 /* Release */,
			);
			defaultConfigurationIsVisible = 0;
			defaultConfigurationName = Release;
		};
/* End XCConfigurationList section */
	};
	rootObject = 432A9A0C2C76AD8800A05A51 /* Project object */;
}
